
Microsoft Visual Studio Solution File, Format Version 12.00
# Visual Studio Version 17
VisualStudioVersion = 17.3.32929.385
MinimumVisualStudioVersion = 10.0.40219.1
Project("{FAE04EC0-301F-11D3-BF4B-00C04F79EFBC}") = "HotelListingAPI", "HotelListingAPI\HotelListingAPI.csproj", "{22B50120-CF77-4664-9669-CE5ABABC0600}"
EndProject
Global
	GlobalSection(SolutionConfigurationPlatforms) = preSolution
		Debug|Any CPU = Debug|Any CPU
		Release|Any CPU = Release|Any CPU
	EndGlobalSection
	GlobalSection(ProjectConfigurationPlatforms) = postSolution
		{22B50120-CF77-4664-9669-CE5ABABC0600}.Debug|Any CPU.ActiveCfg = Debug|Any CPU
		{22B50120-CF77-4664-9669-CE5ABABC0600}.Debug|Any CPU.Build.0 = Debug|Any CPU
		{22B50120-CF77-4664-9669-CE5ABABC0600}.Release|Any CPU.ActiveCfg = Release|Any CPU
		{22B50120-CF77-4664-9669-CE5ABABC0600}.Release|Any CPU.Build.0 = Release|Any CPU
	EndGlobalSection
	GlobalSection(SolutionProperties) = preSolution
		HideSolutionNode = FALSE
	EndGlobalSection
	GlobalSection(ExtensibilityGlobals) = postSolution
		SolutionGuid = {91A94652-297F-401D-B783-122BEF0EF052}
	EndGlobalSection
EndGlobal
